dependencies:
- name: common
  repository: https://bjw-s-labs.github.io/helm-charts
  version: 5.0.1
- name: postgresql
  repository: https://charts.bitnami.com/bitnami
  version: 18.7.2
- name: mariadb
  repository: https://charts.bitnami.com/bitnami
  version: 26.1.1
digest: sha256:f59d2ff208f890608303ccf27cbd86da3701e07fd692285c816bddce4f48d9a4
generated: "2026-06-07T18:34:44.501892837Z"
