dependencies:
- name: common
  repository: https://bjw-s-labs.github.io/helm-charts
  version: 5.0.1
- name: postgresql
  repository: https://charts.bitnami.com/bitnami
  version: 18.8.7
- name: mariadb
  repository: https://charts.bitnami.com/bitnami
  version: 27.3.0
digest: sha256:8c9843471b715cb60dd78267436baefe85ced41790bf4022b9cb6de5caa668b8
generated: "2026-09-10T21:40:22.448162745Z"
