dependencies:
- name: common
  repository: https://bjw-s-labs.github.io/helm-charts
  version: 5.0.1
- name: postgresql
  repository: https://charts.bitnami.com/bitnami
  version: 18.8.17
digest: sha256:76b8f67e888ff525dd6fb1d40ccf19a708db508564bfd9d435673969221dab56
generated: "2026-09-04T03:06:02.117542168Z"
