dependencies:
- name: common
  repository: https://bjw-s-labs.github.io/helm-charts
  version: 5.1.0
- name: postgresql
  repository: https://charts.bitnami.com/bitnami
  version: 18.8.7
digest: sha256:a1104de9c16bcf03c504a6ce9729d7c09ad6400a651a3c3197de62ed903a117d
generated: "2026-08-26T18:44:52.666248788Z"
