dependencies:
- name: common
  repository: https://bjw-s-labs.github.io/helm-charts
  version: 5.0.1
- name: postgresql
  repository: https://charts.bitnami.com/bitnami
  version: 18.11.5
digest: sha256:0399585fe7c68ef032c5841b5be3a6e891832b9f2888759d5e87703e4f5bc02e
generated: "2026-09-19T18:12:01.797344801Z"
